{
  "version": 4,
  "terraform_version": "1.6.1",
  "serial": 71,
  "lineage": "65387084-6846-d42d-4120-bf82fd2dc955",
  "outputs": {},
  "resources": [
    {
      "module": "module.gke_cluster",
      "mode": "managed",
      "type": "google_container_cluster",
      "name": "this",
      "provider": "module.gke_cluster.provider[\"registry.terraform.io/hashicorp/google\"]",
      "instances": [
        {
          "schema_version": 2,
          "attributes": {
            "addons_config": [
              {
                "cloudrun_config": [],
                "config_connector_config": [],
                "dns_cache_config": [],
                "gce_persistent_disk_csi_driver_config": [
                  {
                    "enabled": true
                  }
                ],
                "gcp_filestore_csi_driver_config": [],
                "gcs_fuse_csi_driver_config": [],
                "gke_backup_agent_config": [],
                "horizontal_pod_autoscaling": [],
                "http_load_balancing": [],
                "network_policy_config": [
                  {
                    "disabled": true
                  }
                ]
              }
            ],
            "allow_net_admin": null,
            "authenticator_groups_config": [],
            "binary_authorization": [
              {
                "enabled": false,
                "evaluation_mode": ""
              }
            ],
            "cluster_autoscaling": [
              {
                "auto_provisioning_defaults": [],
                "autoscaling_profile": "BALANCED",
                "enabled": false,
                "resource_limits": []
              }
            ],
            "cluster_ipv4_cidr": "10.36.0.0/14",
            "confidential_nodes": [],
            "cost_management_config": [],
            "database_encryption": [
              {
                "key_name": "",
                "state": "DECRYPTED"
              }
            ],
            "datapath_provider": "",
            "default_max_pods_per_node": 110,
            "default_snat_status": [
              {
                "disabled": false
              }
            ],
            "deletion_protection": true,
            "description": "",
            "dns_config": [],
            "enable_autopilot": false,
            "enable_intranode_visibility": false,
            "enable_k8s_beta_apis": [],
            "enable_kubernetes_alpha": false,
            "enable_l4_ilb_subsetting": false,
            "enable_legacy_abac": false,
            "enable_shielded_nodes": true,
            "enable_tpu": false,
            "endpoint": "34.41.20.91",
            "fleet": [],
            "gateway_api_config": [],
            "id": "projects/terraform-projeto/locations/us-central1/clusters/gke-dev-teste",
            "identity_service_config": [],
            "initial_node_count": 1,
            "ip_allocation_policy": [
              {
                "additional_pod_ranges_config": [],
                "cluster_ipv4_cidr_block": "10.36.0.0/14",
                "cluster_secondary_range_name": "gke-gke-dev-teste-pods-88e5038d",
                "pod_cidr_overprovision_config": [
                  {
                    "disabled": false
                  }
                ],
                "services_ipv4_cidr_block": "10.3.80.0/20",
                "services_secondary_range_name": "gke-gke-dev-teste-services-88e5038d",
                "stack_type": "IPV4"
              }
            ],
            "label_fingerprint": "a9dc16a7",
            "location": "us-central1",
            "logging_config": [
              {
                "enable_components": [
                  "SYSTEM_COMPONENTS",
                  "WORKLOADS"
                ]
              }
            ],
            "logging_service": "logging.googleapis.com/kubernetes",
            "maintenance_policy": [],
            "master_auth": [
              {
                "client_certificate": "",
                "client_certificate_config": [
                  {
                    "issue_client_certificate": false
                  }
                ],
                "client_key": "",
                "cluster_ca_certificate": "LS0tLS1CRUdJTiBDRVJUSUZJQ0FURS0tLS0tCk1JSUVMRENDQXBTZ0F3SUJBZ0lRUEV3NnpONTZmZUNnRGZ1U3pBT2V2VEFOQmdrcWhraUc5dzBCQVFzRkFEQXYKTVMwd0t3WURWUVFERXlSbE16SmxZbVpoWkMxaU1UUmlMVFF5TldNdFlUYzRaaTB3TWpkbVltSXlOMkk1WTJZdwpJQmNOTWpRd016STJNVGt6TWpVeldoZ1BNakExTkRBek1Ua3lNRE15TlROYU1DOHhMVEFyQmdOVkJBTVRKR1V6Ck1tVmlabUZrTFdJeE5HSXROREkxWXkxaE56aG1MVEF5TjJaaVlqSTNZamxqWmpDQ0FhSXdEUVlKS29aSWh2Y04KQVFFQkJRQURnZ0dQQURDQ0FZb0NnZ0dCQUtWVjIxVkg2ZnBORzYvTVMrekxRaStYcHZDTzBwYUFjWlRocU96MQpGR1ViVmFnTzZSZVR0STBRSW10M3Z2U2FaWEVoLzNXcVJPN3NJVDBZMVNlL003NUZTdkFiaTYvbG5ZbjFxeU1qCkNNNzQzMkMxTElqcythTEQ0SDgxVENZN0M1bkdBd0piMzI1VFNTSHhYNmJrd2FwSVdOcmxjcitTSDdXWVEyblUKS0Y0YWhkVkgzVElBREE2ODlGVEU0WHFFTjRvWWVHOGN6bXpnT0RtMlc5YU5YYjJYbDJGLzdUOFFPbHlvQWFQRwphWXc4UTZqSVc3aTRnT1lSMGtCWlFQZnlKK3lXOGpLdmR5K0hUc21ZNHF6MGYyY2JmTUd2M3kwRkJORG5kMWRWCjJvTVhrVndvb0RBZUY2ekQ2N0U1dGFNaUpQbFE1aWtsNFVMV0pvdnN2cWxHdElOYzdsNTlqaFVtM00zTUNBMjcKRnBwVjVpdGxRNHBnWmxjR3h3dFJDRGVWQVloV3ZPd3NTSU4zdzQ5OVFyNkl5Rm9PbFF1bmJobStmclBrVXRKWApzck4yZjBXYTRqZ0xlQ05xdnUvNGRRTnNTdEpUS3NnZFQ0YzF5Tjdja0d4TGNLY1JIWG9xdHlMdlhEOGJNbGtzCitXM0hIaFpGZDA4ZG14V2d3N054aitXaUJ3SURBUUFCbzBJd1FEQU9CZ05WSFE4QkFmOEVCQU1DQWdRd0R3WUQKVlIwVEFRSC9CQVV3QXdFQi96QWRCZ05WSFE0RUZnUVVJTGhSTGZOTTRmT2phSU9OYWtEMmlESG5DVjR3RFFZSgpLb1pJaHZjTkFRRUxCUUFEZ2dHQkFDVnV5N2ozcXJXN2k2eXN6a1dxZ0hjL3I0cHpmSEl4UGNzV1FiYVZ0L2J5CnBrbE9NNDZLVjB1MmNBem9BY1lRWmJkT2xhWDRicTNESGxyR0RERW54VUlMVWtjei9xd29DQjZJbXpxOFFmR1YKTEhtL25sT3djb21sdjlBR0F2b1NnQjhTTmk1WVA2NUVKNForRGc1dDh4eU5hMDZVR1V0b25hN2xTVWUrSExTVQo1Ulp2TzBQekNlMktPQUVPSHFNd1pORTFnVTRmdmt4eXoxT0NaSlc1a0ViNDJBRVljdmRzYjNibzBxZGpNRUNyCnR6OGdnc05uWjFyVzZqRVc2cStNNlh3cTBtdjhGRWxuRXR4VlVackdNQmllcHBDQnBUcHJ6U2pQZ0prRTFnK3YKd0ZlMExrcmlFaklocW02aCtyUnZPNFc5cHZNNzRzblQwMkxSWDBmQXpmcno0dWN6ak83YUV2MDRQeW90TTlxdwpHRXVlclhxVE41VEQ2UlRNelBwaXpmVFd6QWt2cFdYdzcyZ1JMQUQwN3g3SDFjNlBKYUVnV3FZeEd3UWlCeGFPCkdnNDRMdW1sd2dUeHdrekFzRitiWWpjeVBBMTlpc3JLanRWNnJDNUpVZDRaVDVwSE9EMHE2MGg0aC9BNmJtU2QKRmlNNmd1Z1phbWpIODBUMUJoK0lPdz09Ci0tLS0tRU5EIENFUlRJRklDQVRFLS0tLS0K"
              }
            ],
            "master_authorized_networks_config": [],
            "master_version": "1.27.8-gke.1067004",
            "mesh_certificates": [],
            "min_master_version": null,
            "monitoring_config": [
              {
                "advanced_datapath_observability_config": [
                  {
                    "enable_metrics": false,
                    "enable_relay": false,
                    "relay_mode": "DISABLED"
                  }
                ],
                "enable_components": [
                  "SYSTEM_COMPONENTS"
                ],
                "managed_prometheus": [
                  {
                    "enabled": true
                  }
                ]
              }
            ],
            "monitoring_service": "monitoring.googleapis.com/kubernetes",
            "name": "gke-dev-teste",
            "network": "projects/terraform-projeto/global/networks/default",
            "network_policy": [
              {
                "enabled": false,
                "provider": "PROVIDER_UNSPECIFIED"
              }
            ],
            "networking_mode": "VPC_NATIVE",
            "node_config": [
              {
                "advanced_machine_features": [],
                "boot_disk_kms_key": "",
                "confidential_nodes": [],
                "disk_size_gb": 100,
                "disk_type": "pd-standard",
                "effective_taints": [],
                "enable_confidential_storage": false,
                "ephemeral_storage_local_ssd_config": [],
                "fast_socket": [],
                "gcfs_config": [],
                "guest_accelerator": [],
                "gvnic": [],
                "host_maintenance_policy": [],
                "image_type": "COS_CONTAINERD",
                "kubelet_config": [],
                "labels": {},
                "linux_node_config": [],
                "local_nvme_ssd_block_config": [],
                "local_ssd_count": 0,
                "logging_variant": "DEFAULT",
                "machine_type": "n2d-standard-2",
                "metadata": {
                  "disable-legacy-endpoints": "true"
                },
                "min_cpu_platform": "",
                "node_group": "",
                "oauth_scopes": [
                  "https://www.googleapis.com/auth/devstorage.read_only",
                  "https://www.googleapis.com/auth/logging.write",
                  "https://www.googleapis.com/auth/monitoring",
                  "https://www.googleapis.com/auth/service.management.readonly",
                  "https://www.googleapis.com/auth/servicecontrol",
                  "https://www.googleapis.com/auth/trace.append"
                ],
                "preemptible": false,
                "reservation_affinity": [],
                "resource_labels": {},
                "resource_manager_tags": {},
                "service_account": "default",
                "shielded_instance_config": [
                  {
                    "enable_integrity_monitoring": true,
                    "enable_secure_boot": false
                  }
                ],
                "sole_tenant_config": [],
                "spot": true,
                "tags": [],
                "taint": [],
                "workload_metadata_config": []
              }
            ],
            "node_locations": [
              "us-central1-b",
              "us-central1-c",
              "us-central1-f"
            ],
            "node_pool": [
              {
                "autoscaling": [
                  {
                    "location_policy": "ANY",
                    "max_node_count": 0,
                    "min_node_count": 0,
                    "total_max_node_count": 2,
                    "total_min_node_count": 1
                  }
                ],
                "initial_node_count": 1,
                "instance_group_urls": [
                  "https://www.googleapis.com/compute/v1/projects/terraform-projeto/zones/us-central1-c/instanceGroupManagers/gke-gke-dev-teste-nodepool1-121423a8-grp",
                  "https://www.googleapis.com/compute/v1/projects/terraform-projeto/zones/us-central1-f/instanceGroupManagers/gke-gke-dev-teste-nodepool1-c43c6caa-grp",
                  "https://www.googleapis.com/compute/v1/projects/terraform-projeto/zones/us-central1-b/instanceGroupManagers/gke-gke-dev-teste-nodepool1-4c601161-grp"
                ],
                "managed_instance_group_urls": [
                  "https://www.googleapis.com/compute/v1/projects/terraform-projeto/zones/us-central1-c/instanceGroups/gke-gke-dev-teste-nodepool1-121423a8-grp",
                  "https://www.googleapis.com/compute/v1/projects/terraform-projeto/zones/us-central1-f/instanceGroups/gke-gke-dev-teste-nodepool1-c43c6caa-grp",
                  "https://www.googleapis.com/compute/v1/projects/terraform-projeto/zones/us-central1-b/instanceGroups/gke-gke-dev-teste-nodepool1-4c601161-grp"
                ],
                "management": [
                  {
                    "auto_repair": true,
                    "auto_upgrade": true
                  }
                ],
                "max_pods_per_node": 110,
                "name": "nodepool1",
                "name_prefix": "",
                "network_config": [
                  {
                    "create_pod_range": false,
                    "enable_private_nodes": false,
                    "network_performance_config": [],
                    "pod_cidr_overprovision_config": [],
                    "pod_ipv4_cidr_block": "10.36.0.0/14",
                    "pod_range": "gke-gke-dev-teste-pods-88e5038d"
                  }
                ],
                "node_config": [
                  {
                    "advanced_machine_features": [],
                    "boot_disk_kms_key": "",
                    "confidential_nodes": [],
                    "disk_size_gb": 100,
                    "disk_type": "pd-standard",
                    "effective_taints": [],
                    "enable_confidential_storage": false,
                    "ephemeral_storage_local_ssd_config": [],
                    "fast_socket": [],
                    "gcfs_config": [],
                    "guest_accelerator": [],
                    "gvnic": [],
                    "host_maintenance_policy": [],
                    "image_type": "COS_CONTAINERD",
                    "kubelet_config": [],
                    "labels": {},
                    "linux_node_config": [],
                    "local_nvme_ssd_block_config": [],
                    "local_ssd_count": 0,
                    "logging_variant": "DEFAULT",
                    "machine_type": "n2d-standard-2",
                    "metadata": {
                      "disable-legacy-endpoints": "true"
                    },
                    "min_cpu_platform": "",
                    "node_group": "",
                    "oauth_scopes": [
                      "https://www.googleapis.com/auth/devstorage.read_only",
                      "https://www.googleapis.com/auth/logging.write",
                      "https://www.googleapis.com/auth/monitoring",
                      "https://www.googleapis.com/auth/service.management.readonly",
                      "https://www.googleapis.com/auth/servicecontrol",
                      "https://www.googleapis.com/auth/trace.append"
                    ],
                    "preemptible": false,
                    "reservation_affinity": [],
                    "resource_labels": {},
                    "resource_manager_tags": {},
                    "service_account": "default",
                    "shielded_instance_config": [
                      {
                        "enable_integrity_monitoring": true,
                        "enable_secure_boot": false
                      }
                    ],
                    "sole_tenant_config": [],
                    "spot": true,
                    "tags": [],
                    "taint": [],
                    "workload_metadata_config": []
                  }
                ],
                "node_count": 1,
                "node_locations": [
                  "us-central1-b",
                  "us-central1-c",
                  "us-central1-f"
                ],
                "placement_policy": [],
                "queued_provisioning": [],
                "upgrade_settings": [
                  {
                    "blue_green_settings": [],
                    "max_surge": 1,
                    "max_unavailable": 0,
                    "strategy": "SURGE"
                  }
                ],
                "version": "1.27.8-gke.1067004"
              }
            ],
            "node_pool_auto_config": [],
            "node_pool_defaults": [
              {
                "node_config_defaults": [
                  {
                    "logging_variant": "DEFAULT"
                  }
                ]
              }
            ],
            "node_version": "1.27.8-gke.1067004",
            "notification_config": [
              {
                "pubsub": [
                  {
                    "enabled": false,
                    "filter": [],
                    "topic": ""
                  }
                ]
              }
            ],
            "operation": null,
            "private_cluster_config": [
              {
                "enable_private_endpoint": false,
                "enable_private_nodes": false,
                "master_global_access_config": [
                  {
                    "enabled": false
                  }
                ],
                "master_ipv4_cidr_block": "",
                "peering_name": "",
                "private_endpoint": "10.128.0.58",
                "private_endpoint_subnetwork": "",
                "public_endpoint": "34.41.20.91"
              }
            ],
            "private_ipv6_google_access": "",
            "project": "terraform-projeto",
            "release_channel": [
              {
                "channel": "REGULAR"
              }
            ],
            "remove_default_node_pool": true,
            "resource_labels": {},
            "resource_usage_export_config": [],
            "security_posture_config": [
              {
                "mode": "BASIC",
                "vulnerability_mode": "VULNERABILITY_MODE_UNSPECIFIED"
              }
            ],
            "self_link": "https://container.googleapis.com/v1/projects/terraform-projeto/locations/us-central1/clusters/gke-dev-teste",
            "service_external_ips_config": [
              {
                "enabled": false
              }
            ],
            "services_ipv4_cidr": "10.3.80.0/20",
            "subnetwork": "projects/terraform-projeto/regions/us-central1/subnetworks/default",
            "timeouts": null,
            "tpu_ipv4_cidr_block": "",
            "vertical_pod_autoscaling": [],
            "workload_identity_config": []
          },
          "sensitive_attributes": [],
          "private": "eyJlMmJmYjczMC1lY2FhLTExZTYtOGY4OC0zNDM2M2JjN2M0YzAiOnsiY3JlYXRlIjoyNDAwMDAwMDAwMDAwLCJkZWxldGUiOjI0MDAwMDAwMDAwMDAsInJlYWQiOjI0MDAwMDAwMDAwMDAsInVwZGF0ZSI6MzYwMDAwMDAwMDAwMH0sInNjaGVtYV92ZXJzaW9uIjoiMiJ9"
        }
      ]
    }
  ],
  "check_results": null
}
